
Microsoft Visual Studio Solution File, Format Version 12.00
Project("{FAE04EC0-301F-11D3-BF4B-00C04F79EFBC}") = "HomeTeach", "HomeTeach\HomeTeach.csproj", "{4D01D302-44DB-4CCD-AAB3-C5F954317CCA}"
EndProject
Project("{FAE04EC0-301F-11D3-BF4B-00C04F79EFBC}") = "HomeTeachTests", "HomeTeachTests\HomeTeachTests.csproj", "{8FD75F60-6395-40A6-90AF-64D48518D014}"
EndProject
Global
	GlobalSection(SolutionConfigurationPlatforms) = preSolution
		Debug|Any CPU = Debug|Any CPU
		Release|Any CPU = Release|Any CPU
	EndGlobalSection
	GlobalSection(ProjectConfigurationPlatforms) = postSolution
		{4D01D302-44DB-4CCD-AAB3-C5F954317CCA}.Debug|Any CPU.ActiveCfg = Debug|Any CPU
		{4D01D302-44DB-4CCD-AAB3-C5F954317CCA}.Debug|Any CPU.Build.0 = Debug|Any CPU
		{4D01D302-44DB-4CCD-AAB3-C5F954317CCA}.Release|Any CPU.ActiveCfg = Release|Any CPU
		{4D01D302-44DB-4CCD-AAB3-C5F954317CCA}.Release|Any CPU.Build.0 = Release|Any CPU
		{8FD75F60-6395-40A6-90AF-64D48518D014}.Debug|Any CPU.ActiveCfg = Debug|Any CPU
		{8FD75F60-6395-40A6-90AF-64D48518D014}.Debug|Any CPU.Build.0 = Debug|Any CPU
		{8FD75F60-6395-40A6-90AF-64D48518D014}.Release|Any CPU.ActiveCfg = Release|Any CPU
		{8FD75F60-6395-40A6-90AF-64D48518D014}.Release|Any CPU.Build.0 = Release|Any CPU
	EndGlobalSection
EndGlobal
